github.com/0xAX/notificator v0.0.0-20220220101646-ee9b8921e557 h1:l6surSnJ3RP4qA1qmKJ+hQn3UjytosdoG27WGjrDlVs=
github.com/0xAX/notificator v0.0.0-20220220101646-ee9b8921e557/go.mod h1:sTrmvD/TxuypdOERsDOS7SndZg0rzzcCi1b6wQMXUYM=
github.com/BurntSushi/toml v1.2.1/go.mod h1:CxXYINrC8qIiEnFrOxCa7Jy5BFHlXnUU2pbicEuybxQ=
github.com/codegangsta/envy v0.0.0-20141216192214-4b78388c8ce4 h1:ihrIKrLQzm6Q6NJHBMemvaIGTFxgxQUEkn2AjN0Aulw=
github.com/codegangsta/envy v0.0.0-20141216192214-4b78388c8ce4/go.mod h1:X7wHz0C25Lga6CnJ4WAQNbUQ9P/8eWSNv8qIO71YkSM=
github.com/codegangsta/gin v0.0.0-20211113050330-71f90109db02 h1:PK8RQF5982bJELqOfaaTWs0kDqZzZGHxUTOpZWZm6fM=
github.com/codegangsta/gin v0.0.0-20211113050330-71f90109db02/go.mod h1:UBYuwaH3dMw91EZ7tGVaFF6GDj5j46S7zqB9lZPIe58=
github.com/cpuguy83/go-md2man/v2 v2.0.2 h1:p1EgwI/C7NhT0JmVkwCD2ZBK8j4aeHQX2pMHHBfMQ6w=
github.com/cpuguy83/go-md2man/v2 v2.0.2/go.mod h1:tgQtvFlXSQOSOSIRvRPT7W67SCa46tRHOmNcaadrF8o=
github.com/davecgh/go-spew v1.1.0/go.mod h1:J7Y8YcW2NihsgmVo/mv3lAwl/skON4iLHjSsI+c5H38=
github.com/davecgh/go-spew v1.1.1/go.mod h1:J7Y8YcW2NihsgmVo/mv3lAwl/skON4iLHjSsI+c5H38=
github.com/gorilla/handlers v1.5.1 h1:9lRY6j8DEeeBT10CvO9hGW0gmky0BprnvDI5vfhUHH4=
github.com/gorilla/handlers v1.5.1/go.mod h1:t8XrUpc4KVXb7HGyJ4/cEnwQiaxrX/hz1Zv/4g96P1Q=
github.com/gorilla/mux v1.8.0 h1:i40aqfkR1h2SlN9hojwV5ZA91wcXFOvkdNIeFDP5koI=
github.com/gorilla/mux v1.8.0/go.mod h1:DVbg23sWSpFRCP0SfiEN6jmj59UnW/n46BH5rLB71So=
